
Microsoft Visual Studio Solution File, Format Version 12.00
# Visual Studio Version 16
VisualStudioVersion = 16.0.32106.194
MinimumVisualStudioVersion = 10.0.40219.1
Project("{FAE04EC0-301F-11D3-BF4B-00C04F79EFBC}") = "MvcMuratStok2", "MvcMuratStok2\MvcMuratStok2.csproj", "{669CB839-CF30-4534-A025-57F1BE23456B}"
EndProject
Global
	GlobalSection(SolutionConfigurationPlatforms) = preSolution
		Debug|Any CPU = Debug|Any CPU
		Release|Any CPU = Release|Any CPU
	EndGlobalSection
	GlobalSection(ProjectConfigurationPlatforms) = postSolution
		{669CB839-CF30-4534-A025-57F1BE23456B}.Debug|Any CPU.ActiveCfg = Debug|Any CPU
		{669CB839-CF30-4534-A025-57F1BE23456B}.Debug|Any CPU.Build.0 = Debug|Any CPU
		{669CB839-CF30-4534-A025-57F1BE23456B}.Release|Any CPU.ActiveCfg = Release|Any CPU
		{669CB839-CF30-4534-A025-57F1BE23456B}.Release|Any CPU.Build.0 = Release|Any CPU
	EndGlobalSection
	GlobalSection(SolutionProperties) = preSolution
		HideSolutionNode = FALSE
	EndGlobalSection
	GlobalSection(ExtensibilityGlobals) = postSolution
		SolutionGuid = {06479A55-9306-4BC1-9297-45837E16FA8F}
	EndGlobalSection
EndGlobal
